
Microsoft Visual Studio Solution File, Format Version 12.00
# Visual Studio Version 16
VisualStudioVersion = 16.0.29411.108
MinimumVisualStudioVersion = 10.0.40219.1
Project("{FAE04EC0-301F-11D3-BF4B-00C04F79EFBC}") = "StarWarsIntergalacticAirways", "StarWarsIntergalacticAirways\StarWarsIntergalacticAirways.csproj", "{4CE9E6E3-F985-4850-86F7-666D1C91A840}"
EndProject
Global
	GlobalSection(SolutionConfigurationPlatforms) = preSolution
		Debug|Any CPU = Debug|Any CPU
		Release|Any CPU = Release|Any CPU
	EndGlobalSection
	GlobalSection(ProjectConfigurationPlatforms) = postSolution
		{4CE9E6E3-F985-4850-86F7-666D1C91A840}.Debug|Any CPU.ActiveCfg = Debug|Any CPU
		{4CE9E6E3-F985-4850-86F7-666D1C91A840}.Debug|Any CPU.Build.0 = Debug|Any CPU
		{4CE9E6E3-F985-4850-86F7-666D1C91A840}.Release|Any CPU.ActiveCfg = Release|Any CPU
		{4CE9E6E3-F985-4850-86F7-666D1C91A840}.Release|Any CPU.Build.0 = Release|Any CPU
	EndGlobalSection
	GlobalSection(SolutionProperties) = preSolution
		HideSolutionNode = FALSE
	EndGlobalSection
	GlobalSection(ExtensibilityGlobals) = postSolution
		SolutionGuid = {670D5E6E-CBFB-49DA-B6D0-AEFED73E4EDD}
	EndGlobalSection
EndGlobal
